// !$*UTF8*$!
{
	archiveVersion = 1;
	classes = {
	};
	objectVersion = 55;
	objects = {

/* Begin PBXBuildFile section */
		8420C67A28B20D26008AE525 /* AppDelegate.swift in Sources */ = {isa = PBXBuildFile; fileRef = 8420C67928B20D26008AE525 /* AppDelegate.swift */; };
		8420C67C28B20D26008AE525 /* SceneDelegate.swift in Sources */ = {isa = PBXBuildFile; fileRef = 8420C67B28B20D26008AE525 /* SceneDelegate.swift */; };
		8420C68128B20D26008AE525 /* Main.storyboard in Resources */ = {isa = PBXBuildFile; fileRef = 8420C67F28B20D26008AE525 /* Main.storyboard */; };
		8420C68328B20D2A008AE525 /* Assets.xcassets in Resources */ = {isa = PBXBuildFile; fileRef = 8420C68228B20D2A008AE525 /* Assets.xcassets */; };
		8420C68628B20D2A008AE525 /* LaunchScreen.storyboard in Resources */ = {isa = PBXBuildFile; fileRef = 8420C68428B20D2A008AE525 /* LaunchScreen.storyboard */; };
		84B95E9B28B276C500B4450C /* Constant.swift in Sources */ = {isa = PBXBuildFile; fileRef = 84B95E9A28B276C500B4450C /* Constant.swift */; };
		84B95E9D28B2786000B4450C /* ViewUtil.swift in Sources */ = {isa = PBXBuildFile; fileRef = 84B95E9C28B2786000B4450C /* ViewUtil.swift */; };
		84B95E9F28B27A4900B4450C /* ViewExtension.swift in Sources */ = {isa = PBXBuildFile; fileRef = 84B95E9E28B27A4900B4450C /* ViewExtension.swift */; };
		84B95EA228B280D800B4450C /* ColorExtension.swift in Sources */ = {isa = PBXBuildFile; fileRef = 84B95EA128B280D800B4450C /* ColorExtension.swift */; };
		84B95EA428B3335D00B4450C /* LoginViewController.swift in Sources */ = {isa = PBXBuildFile; fileRef = 84B95EA328B3335D00B4450C /* LoginViewController.swift */; };
		84B95EA628B3336B00B4450C /* HomeViewController.swift in Sources */ = {isa = PBXBuildFile; fileRef = 84B95EA528B3336B00B4450C /* HomeViewController.swift */; };
		84B95ECD28B3406A00B4450C /* UIView+YJBannerViewExt.m in Sources */ = {isa = PBXBuildFile; fileRef = 84B95EB828B3406A00B4450C /* UIView+YJBannerViewExt.m */; };
		84B95ECE28B3406A00B4450C /* YJBannerView.m in Sources */ = {isa = PBXBuildFile; fileRef = 84B95EBA28B3406A00B4450C /* YJBannerView.m */; };
		84B95ECF28B3406A00B4450C /* YJHollowPageControl.m in Sources */ = {isa = PBXBuildFile; fileRef = 84B95EBE28B3406A00B4450C /* YJHollowPageControl.m */; };
		84B95ED028B3406A00B4450C /* YJAbstractDotView.m in Sources */ = {isa = PBXBuildFile; fileRef = 84B95EBF28B3406A00B4450C /* YJAbstractDotView.m */; };
		84B95ED128B3406A00B4450C /* YJAnimatedDotView.m in Sources */ = {isa = PBXBuildFile; fileRef = 84B95EC028B3406A00B4450C /* YJAnimatedDotView.m */; };
		84B95ED228B3406A00B4450C /* YJBannerView.bundle in Resources */ = {isa = PBXBuildFile; fileRef = 84B95EC528B3406A00B4450C /* YJBannerView.bundle */; };
		84B95ED328B3406A00B4450C /* YJBannerViewCollectionView.m in Sources */ = {isa = PBXBuildFile; fileRef = 84B95EC728B3406A00B4450C /* YJBannerViewCollectionView.m */; };
		84B95ED428B3406A00B4450C /* YJBannerViewCell.m in Sources */ = {isa = PBXBuildFile; fileRef = 84B95EC828B3406A00B4450C /* YJBannerViewCell.m */; };
		84B95ED528B3406A00B4450C /* YJBannerViewFooter.m in Sources */ = {isa = PBXBuildFile; fileRef = 84B95ECB28B3406A00B4450C /* YJBannerViewFooter.m */; };
		84B95ED728B3709A00B4450C /* GuideViewController_Banner.swift in Sources */ = {isa = PBXBuildFile; fileRef = 84B95ED628B3709A00B4450C /* GuideViewController_Banner.swift */; };
		84BA42AE28B232B60010BBD1 /* SplashViewController.swift in Sources */ = {isa = PBXBuildFile; fileRef = 84BA42AD28B232B60010BBD1 /* SplashViewController.swift */; };
		84BA42B028B2692C0010BBD1 /* GuideViewController.swift in Sources */ = {isa = PBXBuildFile; fileRef = 84BA42AF28B2692C0010BBD1 /* GuideViewController.swift */; };
		89A1ED6B87179965E943D47B /* Pods_MyCloudMusic.framework in Frameworks */ = {isa = PBXBuildFile; fileRef = 31B4A4D24CD3049D78F1EDB6 /* Pods_MyCloudMusic.framework */; };
/* End PBXBuildFile section */

/* Begin PBXFileReference section */
		31B4A4D24CD3049D78F1EDB6 /* Pods_MyCloudMusic.framework */ = {isa = PBXFileReference; explicitFileType = wrapper.framework; includeInIndex = 0; path = Pods_MyCloudMusic.framework; sourceTree = BUILT_PRODUCTS_DIR; };
		8420C67628B20D26008AE525 /* MyCloudMusic.app */ = {isa = PBXFileReference; explicitFileType = wrapper.application; includeInIndex = 0; path = MyCloudMusic.app; sourceTree = BUILT_PRODUCTS_DIR; };
		8420C67928B20D26008AE525 /* AppDelegate.swift */ = {isa = PBXFileReference; lastKnownFileType = sourcecode.swift; path = AppDelegate.swift; sourceTree = "<group>"; };
		8420C67B28B20D26008AE525 /* SceneDelegate.swift */ = {isa = PBXFileReference; lastKnownFileType = sourcecode.swift; path = SceneDelegate.swift; sourceTree = "<group>"; };
		8420C68028B20D26008AE525 /* Base */ = {isa = PBXFileReference; lastKnownFileType = file.storyboard; name = Base; path = Base.lproj/Main.storyboard; sourceTree = "<group>"; };
		8420C68228B20D2A008AE525 /* Assets.xcassets */ = {isa = PBXFileReference; lastKnownFileType = folder.assetcatalog; path = Assets.xcassets; sourceTree = "<group>"; };
		8420C68528B20D2A008AE525 /* Base */ = {isa = PBXFileReference; lastKnownFileType = file.storyboard; name = Base; path = Base.lproj/LaunchScreen.storyboard; sourceTree = "<group>"; };
		8420C68728B20D2A008AE525 /* Info.plist */ = {isa = PBXFileReference; lastKnownFileType = text.plist.xml; path = Info.plist; sourceTree = "<group>"; };
		84B95E9A28B276C500B4450C /* Constant.swift */ = {isa = PBXFileReference; lastKnownFileType = sourcecode.swift; path = Constant.swift; sourceTree = "<group>"; };
		84B95E9C28B2786000B4450C /* ViewUtil.swift */ = {isa = PBXFileReference; lastKnownFileType = sourcecode.swift; path = ViewUtil.swift; sourceTree = "<group>"; };
		84B95E9E28B27A4900B4450C /* ViewExtension.swift */ = {isa = PBXFileReference; lastKnownFileType = sourcecode.swift; path = ViewExtension.swift; sourceTree = "<group>"; };
		84B95EA128B280D800B4450C /* ColorExtension.swift */ = {isa = PBXFileReference; lastKnownFileType = sourcecode.swift; path = ColorExtension.swift; sourceTree = "<group>"; };
		84B95EA328B3335D00B4450C /* LoginViewController.swift */ = {isa = PBXFileReference; lastKnownFileType = sourcecode.swift; path = LoginViewController.swift; sourceTree = "<group>"; };
		84B95EA528B3336B00B4450C /* HomeViewController.swift */ = {isa = PBXFileReference; lastKnownFileType = sourcecode.swift; path = HomeViewController.swift; sourceTree = "<group>"; };
		84B95EA728B33B4D00B4450C /* MyCloudMusic-Bridging-Header.h */ = {isa = PBXFileReference; lastKnownFileType = sourcecode.c.h; path = "MyCloudMusic-Bridging-Header.h"; sourceTree = "<group>"; };
		84B95EB828B3406A00B4450C /* UIView+YJBannerViewExt.m */ = {isa = PBXFileReference; fileEncoding = 4; lastKnownFileType = sourcecode.c.objc; path = "UIView+YJBannerViewExt.m"; sourceTree = "<group>"; };
		84B95EB928B3406A00B4450C /* UIView+YJBannerViewExt.h */ = {isa = PBXFileReference; fileEncoding = 4; lastKnownFileType = sourcecode.c.h; path = "UIView+YJBannerViewExt.h"; sourceTree = "<group>"; };
		84B95EBA28B3406A00B4450C /* YJBannerView.m */ = {isa = PBXFileReference; fileEncoding = 4; lastKnownFileType = sourcecode.c.objc; path = YJBannerView.m; sourceTree = "<group>"; };
		84B95EBD28B3406A00B4450C /* YJAnimatedDotView.h */ = {isa = PBXFileReference; fileEncoding = 4; lastKnownFileType = sourcecode.c.h; path = YJAnimatedDotView.h; sourceTree = "<group>"; };
		84B95EBE28B3406A00B4450C /* YJHollowPageControl.m */ = {isa = PBXFileReference; fileEncoding = 4; lastKnownFileType = sourcecode.c.objc; path = YJHollowPageControl.m; sourceTree = "<group>"; };
		84B95EBF28B3406A00B4450C /* YJAbstractDotView.m */ = {isa = PBXFileReference; fileEncoding = 4; lastKnownFileType = sourcecode.c.objc; path = YJAbstractDotView.m; sourceTree = "<group>"; };
		84B95EC028B3406A00B4450C /* YJAnimatedDotView.m */ = {isa = PBXFileReference; fileEncoding = 4; lastKnownFileType = sourcecode.c.objc; path = YJAnimatedDotView.m; sourceTree = "<group>"; };
		84B95EC128B3406A00B4450C /* YJHollowPageControl.h */ = {isa = PBXFileReference; fileEncoding = 4; lastKnownFileType = sourcecode.c.h; path = YJHollowPageControl.h; sourceTree = "<group>"; };
		84B95EC228B3406A00B4450C /* YJAbstractDotView.h */ = {isa = PBXFileReference; fileEncoding = 4; lastKnownFileType = sourcecode.c.h; path = YJAbstractDotView.h; sourceTree = "<group>"; };
		84B95EC328B3406A00B4450C /* YJBannerView.h */ = {isa = PBXFileReference; fileEncoding = 4; lastKnownFileType = sourcecode.c.h; path = YJBannerView.h; sourceTree = "<group>"; };
		84B95EC528B3406A00B4450C /* YJBannerView.bundle */ = {isa = PBXFileReference; lastKnownFileType = "wrapper.plug-in"; path = YJBannerView.bundle; sourceTree = "<group>"; };
		84B95EC728B3406A00B4450C /* YJBannerViewCollectionView.m */ = {isa = PBXFileReference; fileEncoding = 4; lastKnownFileType = sourcecode.c.objc; path = YJBannerViewCollectionView.m; sourceTree = "<group>"; };
		84B95EC828B3406A00B4450C /* YJBannerViewCell.m */ = {isa = PBXFileReference; fileEncoding = 4; lastKnownFileType = sourcecode.c.objc; path = YJBannerViewCell.m; sourceTree = "<group>"; };
		84B95EC928B3406A00B4450C /* YJBannerViewFooter.h */ = {isa = PBXFileReference; fileEncoding = 4; lastKnownFileType = sourcecode.c.h; path = YJBannerViewFooter.h; sourceTree = "<group>"; };
		84B95ECA28B3406A00B4450C /* YJBannerViewCollectionView.h */ = {isa = PBXFileReference; fileEncoding = 4; lastKnownFileType = sourcecode.c.h; path = YJBannerViewCollectionView.h; sourceTree = "<group>"; };
		84B95ECB28B3406A00B4450C /* YJBannerViewFooter.m */ = {isa = PBXFileReference; fileEncoding = 4; lastKnownFileType = sourcecode.c.objc; path = YJBannerViewFooter.m; sourceTree = "<group>"; };
		84B95ECC28B3406A00B4450C /* YJBannerViewCell.h */ = {isa = PBXFileReference; fileEncoding = 4; lastKnownFileType = sourcecode.c.h; path = YJBannerViewCell.h; sourceTree = "<group>"; };
		84B95ED628B3709A00B4450C /* GuideViewController_Banner.swift */ = {isa = PBXFileReference; lastKnownFileType = sourcecode.swift; path = GuideViewController_Banner.swift; sourceTree = "<group>"; };
		84BA42AD28B232B60010BBD1 /* SplashViewController.swift */ = {isa = PBXFileReference; lastKnownFileType = sourcecode.swift; path = SplashViewController.swift; sourceTree = "<group>"; };
		84BA42AF28B2692C0010BBD1 /* GuideViewController.swift */ = {isa = PBXFileReference; lastKnownFileType = sourcecode.swift; path = GuideViewController.swift; sourceTree = "<group>"; };
		A06403CD7303B01445A3B044 /* Pods-MyCloudMusic.debug.xcconfig */ = {isa = PBXFileReference; includeInIndex = 1; lastKnownFileType = text.xcconfig; name = "Pods-MyCloudMusic.debug.xcconfig"; path = "Target Support Files/Pods-MyCloudMusic/Pods-MyCloudMusic.debug.xcconfig"; sourceTree = "<group>"; };
		CC01226412184DC29D89E132 /* Pods-MyCloudMusic.release.xcconfig */ = {isa = PBXFileReference; includeInIndex = 1; lastKnownFileType = text.xcconfig; name = "Pods-MyCloudMusic.release.xcconfig"; path = "Target Support Files/Pods-MyCloudMusic/Pods-MyCloudMusic.release.xcconfig"; sourceTree = "<group>"; };
/* End PBXFileReference section */

/* Begin PBXFrameworksBuildPhase section */
		8420C67328B20D26008AE525 /* Frameworks */ = {
			isa = PBXFrameworksBuildPhase;
			buildActionMask = 2147483647;
			files = (
				89A1ED6B87179965E943D47B /* Pods_MyCloudMusic.framework in Frameworks */,
			);
			runOnlyForDeploymentPostprocessing = 0;
		};
/* End PBXFrameworksBuildPhase section */

/* Begin PBXGroup section */
		0B71C762B5D03510B3A371D9 /* Frameworks */ = {
			isa = PBXGroup;
			children = (
				31B4A4D24CD3049D78F1EDB6 /* Pods_MyCloudMusic.framework */,
			);
			name = Frameworks;
			sourceTree = "<group>";
		};
		8420C66D28B20D26008AE525 = {
			isa = PBXGroup;
			children = (
				8420C67828B20D26008AE525 /* MyCloudMusic */,
				8420C67728B20D26008AE525 /* Products */,
				C9BC27F9C97E9737A1A476A2 /* Pods */,
				0B71C762B5D03510B3A371D9 /* Frameworks */,
			);
			sourceTree = "<group>";
		};
		8420C67728B20D26008AE525 /* Products */ = {
			isa = PBXGroup;
			children = (
				8420C67628B20D26008AE525 /* MyCloudMusic.app */,
			);
			name = Products;
			sourceTree = "<group>";
		};
		8420C67828B20D26008AE525 /* MyCloudMusic */ = {
			isa = PBXGroup;
			children = (
				84B95EAE28B33EEE00B4450C /* Vendor */,
				84B95EA028B27A5000B4450C /* Extension */,
				84B95E9928B2769E00B4450C /* Util */,
				84B95E9828B2765C00B4450C /* Controller */,
				8420C67928B20D26008AE525 /* AppDelegate.swift */,
				8420C67B28B20D26008AE525 /* SceneDelegate.swift */,
				8420C67F28B20D26008AE525 /* Main.storyboard */,
				8420C68228B20D2A008AE525 /* Assets.xcassets */,
				8420C68428B20D2A008AE525 /* LaunchScreen.storyboard */,
				84B95EA728B33B4D00B4450C /* MyCloudMusic-Bridging-Header.h */,
				8420C68728B20D2A008AE525 /* Info.plist */,
			);
			path = MyCloudMusic;
			sourceTree = "<group>";
		};
		84B95E9828B2765C00B4450C /* Controller */ = {
			isa = PBXGroup;
			children = (
				84BA42AD28B232B60010BBD1 /* SplashViewController.swift */,
				84BA42AF28B2692C0010BBD1 /* GuideViewController.swift */,
				84B95ED628B3709A00B4450C /* GuideViewController_Banner.swift */,
				84B95EA328B3335D00B4450C /* LoginViewController.swift */,
				84B95EA528B3336B00B4450C /* HomeViewController.swift */,
			);
			path = Controller;
			sourceTree = "<group>";
		};
		84B95E9928B2769E00B4450C /* Util */ = {
			isa = PBXGroup;
			children = (
				84B95E9A28B276C500B4450C /* Constant.swift */,
				84B95E9C28B2786000B4450C /* ViewUtil.swift */,
			);
			path = Util;
			sourceTree = "<group>";
		};
		84B95EA028B27A5000B4450C /* Extension */ = {
			isa = PBXGroup;
			children = (
				84B95E9E28B27A4900B4450C /* ViewExtension.swift */,
				84B95EA128B280D800B4450C /* ColorExtension.swift */,
			);
			path = Extension;
			sourceTree = "<group>";
		};
		84B95EAE28B33EEE00B4450C /* Vendor */ = {
			isa = PBXGroup;
			children = (
				84B95EB628B3406A00B4450C /* YJBannerView */,
			);
			path = Vendor;
			sourceTree = "<group>";
		};
		84B95EB628B3406A00B4450C /* YJBannerView */ = {
			isa = PBXGroup;
			children = (
				84B95EC328B3406A00B4450C /* YJBannerView.h */,
				84B95EBA28B3406A00B4450C /* YJBannerView.m */,
				84B95EB728B3406A00B4450C /* Tools */,
				84B95EBB28B3406A00B4450C /* PageControls */,
				84B95EC428B3406A00B4450C /* Resource */,
				84B95EC628B3406A00B4450C /* Views */,
			);
			path = YJBannerView;
			sourceTree = "<group>";
		};
		84B95EB728B3406A00B4450C /* Tools */ = {
			isa = PBXGroup;
			children = (
				84B95EB828B3406A00B4450C /* UIView+YJBannerViewExt.m */,
				84B95EB928B3406A00B4450C /* UIView+YJBannerViewExt.h */,
			);
			path = Tools;
			sourceTree = "<group>";
		};
		84B95EBB28B3406A00B4450C /* PageControls */ = {
			isa = PBXGroup;
			children = (
				84B95EBC28B3406A00B4450C /* YJHollowPageControl */,
			);
			path = PageControls;
			sourceTree = "<group>";
		};
		84B95EBC28B3406A00B4450C /* YJHollowPageControl */ = {
			isa = PBXGroup;
			children = (
				84B95EBD28B3406A00B4450C /* YJAnimatedDotView.h */,
				84B95EBE28B3406A00B4450C /* YJHollowPageControl.m */,
				84B95EBF28B3406A00B4450C /* YJAbstractDotView.m */,
				84B95EC028B3406A00B4450C /* YJAnimatedDotView.m */,
				84B95EC128B3406A00B4450C /* YJHollowPageControl.h */,
				84B95EC228B3406A00B4450C /* YJAbstractDotView.h */,
			);
			path = YJHollowPageControl;
			sourceTree = "<group>";
		};
		84B95EC428B3406A00B4450C /* Resource */ = {
			isa = PBXGroup;
			children = (
				84B95EC528B3406A00B4450C /* YJBannerView.bundle */,
			);
			path = Resource;
			sourceTree = "<group>";
		};
		84B95EC628B3406A00B4450C /* Views */ = {
			isa = PBXGroup;
			children = (
				84B95EC728B3406A00B4450C /* YJBannerViewCollectionView.m */,
				84B95EC828B3406A00B4450C /* YJBannerViewCell.m */,
				84B95EC928B3406A00B4450C /* YJBannerViewFooter.h */,
				84B95ECA28B3406A00B4450C /* YJBannerViewCollectionView.h */,
				84B95ECB28B3406A00B4450C /* YJBannerViewFooter.m */,
				84B95ECC28B3406A00B4450C /* YJBannerViewCell.h */,
			);
			path = Views;
			sourceTree = "<group>";
		};
		C9BC27F9C97E9737A1A476A2 /* Pods */ = {
			isa = PBXGroup;
			children = (
				A06403CD7303B01445A3B044 /* Pods-MyCloudMusic.debug.xcconfig */,
				CC01226412184DC29D89E132 /* Pods-MyCloudMusic.release.xcconfig */,
			);
			path = Pods;
			sourceTree = "<group>";
		};
/* End PBXGroup section */

/* Begin PBXNativeTarget section */
		8420C67528B20D26008AE525 /* MyCloudMusic */ = {
			isa = PBXNativeTarget;
			buildConfigurationList = 8420C68A28B20D2A008AE525 /* Build configuration list for PBXNativeTarget "MyCloudMusic" */;
			buildPhases = (
				CF9015E4868BB3A83E181441 /* [CP] Check Pods Manifest.lock */,
				8420C67228B20D26008AE525 /* Sources */,
				8420C67328B20D26008AE525 /* Frameworks */,
				8420C67428B20D26008AE525 /* Resources */,
				A80CE140E5132964B79BC7CB /* [CP] Embed Pods Frameworks */,
			);
			buildRules = (
			);
			dependencies = (
			);
			name = MyCloudMusic;
			productName = MyCloudMusic;
			productReference = 8420C67628B20D26008AE525 /* MyCloudMusic.app */;
			productType = "com.apple.product-type.application";
		};
/* End PBXNativeTarget section */

/* Begin PBXProject section */
		8420C66E28B20D26008AE525 /* Project object */ = {
			isa = PBXProject;
			attributes = {
				BuildIndependentTargetsInParallel = 1;
				LastSwiftUpdateCheck = 1320;
				LastUpgradeCheck = 1320;
				TargetAttributes = {
					8420C67528B20D26008AE525 = {
						CreatedOnToolsVersion = 13.2;
						LastSwiftMigration = 1320;
					};
				};
			};
			buildConfigurationList = 8420C67128B20D26008AE525 /* Build configuration list for PBXProject "MyCloudMusic" */;
			compatibilityVersion = "Xcode 13.0";
			developmentRegion = en;
			hasScannedForEncodings = 0;
			knownRegions = (
				en,
				Base,
			);
			mainGroup = 8420C66D28B20D26008AE525;
			productRefGroup = 8420C67728B20D26008AE525 /* Products */;
			projectDirPath = "";
			projectRoot = "";
			targets = (
				8420C67528B20D26008AE525 /* MyCloudMusic */,
			);
		};
/* End PBXProject section */

/* Begin PBXResourcesBuildPhase section */
		8420C67428B20D26008AE525 /* Resources */ = {
			isa = PBXResourcesBuildPhase;
			buildActionMask = 2147483647;
			files = (
				8420C68628B20D2A008AE525 /* LaunchScreen.storyboard in Resources */,
				8420C68328B20D2A008AE525 /* Assets.xcassets in Resources */,
				8420C68128B20D26008AE525 /* Main.storyboard in Resources */,
				84B95ED228B3406A00B4450C /* YJBannerView.bundle in Resources */,
			);
			runOnlyForDeploymentPostprocessing = 0;
		};
/* End PBXResourcesBuildPhase section */

/* Begin PBXShellScriptBuildPhase section */
		A80CE140E5132964B79BC7CB /* [CP] Embed Pods Frameworks */ = {
			isa = PBXShellScriptBuildPhase;
			buildActionMask = 2147483647;
			files = (
			);
			inputFileListPaths = (
				"${PODS_ROOT}/Target Support Files/Pods-MyCloudMusic/Pods-MyCloudMusic-frameworks-${CONFIGURATION}-input-files.xcfilelist",
			);
			name = "[CP] Embed Pods Frameworks";
			outputFileListPaths = (
				"${PODS_ROOT}/Target Support Files/Pods-MyCloudMusic/Pods-MyCloudMusic-frameworks-${CONFIGURATION}-output-files.xcfilelist",
			);
			runOnlyForDeploymentPostprocessing = 0;
			shellPath = /bin/sh;
			shellScript = "\"${PODS_ROOT}/Target Support Files/Pods-MyCloudMusic/Pods-MyCloudMusic-frameworks.sh\"\n";
			showEnvVarsInLog = 0;
		};
		CF9015E4868BB3A83E181441 /* [CP] Check Pods Manifest.lock */ = {
			isa = PBXShellScriptBuildPhase;
			buildActionMask = 2147483647;
			files = (
			);
			inputFileListPaths = (
			);
			inputPaths = (
				"${PODS_PODFILE_DIR_PATH}/Podfile.lock",
				"${PODS_ROOT}/Manifest.lock",
			);
			name = "[CP] Check Pods Manifest.lock";
			outputFileListPaths = (
			);
			outputPaths = (
				"$(DERIVED_FILE_DIR)/Pods-MyCloudMusic-checkManifestLockResult.txt",
			);
			runOnlyForDeploymentPostprocessing = 0;
			shellPath = /bin/sh;
			shellScript = "diff \"${PODS_PODFILE_DIR_PATH}/Podfile.lock\" \"${PODS_ROOT}/Manifest.lock\" > /dev/null\nif [ $? != 0 ] ; then\n    # print error to STDERR\n    echo \"error: The sandbox is not in sync with the Podfile.lock. Run 'pod install' or update your CocoaPods installation.\" >&2\n    exit 1\nfi\n# This output is used by Xcode 'outputs' to avoid re-running this script phase.\necho \"SUCCESS\" > \"${SCRIPT_OUTPUT_FILE_0}\"\n";
			showEnvVarsInLog = 0;
		};
/* End PBXShellScriptBuildPhase section */

/* Begin PBXSourcesBuildPhase section */
		8420C67228B20D26008AE525 /* Sources */ = {
			isa = PBXSourcesBuildPhase;
			buildActionMask = 2147483647;
			files = (
				84B95ED328B3406A00B4450C /* YJBannerViewCollectionView.m in Sources */,
				84B95ED728B3709A00B4450C /* GuideViewController_Banner.swift in Sources */,
				84B95ECD28B3406A00B4450C /* UIView+YJBannerViewExt.m in Sources */,
				84B95ED028B3406A00B4450C /* YJAbstractDotView.m in Sources */,
				84B95EA428B3335D00B4450C /* LoginViewController.swift in Sources */,
				84B95ECE28B3406A00B4450C /* YJBannerView.m in Sources */,
				8420C67A28B20D26008AE525 /* AppDelegate.swift in Sources */,
				84B95ED128B3406A00B4450C /* YJAnimatedDotView.m in Sources */,
				8420C67C28B20D26008AE525 /* SceneDelegate.swift in Sources */,
				84B95E9D28B2786000B4450C /* ViewUtil.swift in Sources */,
				84B95EA228B280D800B4450C /* ColorExtension.swift in Sources */,
				84B95EA628B3336B00B4450C /* HomeViewController.swift in Sources */,
				84B95E9F28B27A4900B4450C /* ViewExtension.swift in Sources */,
				84B95ED528B3406A00B4450C /* YJBannerViewFooter.m in Sources */,
				84B95E9B28B276C500B4450C /* Constant.swift in Sources */,
				84BA42B028B2692C0010BBD1 /* GuideViewController.swift in Sources */,
				84B95ECF28B3406A00B4450C /* YJHollowPageControl.m in Sources */,
				84BA42AE28B232B60010BBD1 /* SplashViewController.swift in Sources */,
				84B95ED428B3406A00B4450C /* YJBannerViewCell.m in Sources */,
			);
			runOnlyForDeploymentPostprocessing = 0;
		};
/* End PBXSourcesBuildPhase section */

/* Begin PBXVariantGroup section */
		8420C67F28B20D26008AE525 /* Main.storyboard */ = {
			isa = PBXVariantGroup;
			children = (
				8420C68028B20D26008AE525 /* Base */,
			);
			name = Main.storyboard;
			sourceTree = "<group>";
		};
		8420C68428B20D2A008AE525 /* LaunchScreen.storyboard */ = {
			isa = PBXVariantGroup;
			children = (
				8420C68528B20D2A008AE525 /* Base */,
			);
			name = LaunchScreen.storyboard;
			sourceTree = "<group>";
		};
/* End PBXVariantGroup section */

/* Begin XCBuildConfiguration section */
		8420C68828B20D2A008AE525 /* Debug */ = {
			isa = XCBuildConfiguration;
			buildSettings = {
				ALWAYS_SEARCH_USER_PATHS = NO;
				CLANG_ANALYZER_NONNULL = YES;
				CLANG_ANALYZER_NUMBER_OBJECT_CONVERSION = YES_AGGRESSIVE;
				CLANG_CXX_LANGUAGE_STANDARD = "gnu++17";
				CLANG_CXX_LIBRARY = "libc++";
				CLANG_ENABLE_MODULES = YES;
				CLANG_ENABLE_OBJC_ARC = YES;
				CLANG_ENABLE_OBJC_WEAK = YES;
				CLANG_WARN_BLOCK_CAPTURE_AUTORELEASING = YES;
				CLANG_WARN_BOOL_CONVERSION = YES;
				CLANG_WARN_COMMA = YES;
				CLANG_WARN_CONSTANT_CONVERSION = YES;
				CLANG_WARN_DEPRECATED_OBJC_IMPLEMENTATIONS = YES;
				CLANG_WARN_DIRECT_OBJC_ISA_USAGE = YES_ERROR;
				CLANG_WARN_DOCUMENTATION_COMMENTS = YES;
				CLANG_WARN_EMPTY_BODY = YES;
				CLANG_WARN_ENUM_CONVERSION = YES;
				CLANG_WARN_INFINITE_RECURSION = YES;
				CLANG_WARN_INT_CONVERSION = YES;
				CLANG_WARN_NON_LITERAL_NULL_CONVERSION = YES;
				CLANG_WARN_OBJC_IMPLICIT_RETAIN_SELF = YES;
				CLANG_WARN_OBJC_LITERAL_CONVERSION = YES;
				CLANG_WARN_OBJC_ROOT_CLASS = YES_ERROR;
				CLANG_WARN_QUOTED_INCLUDE_IN_FRAMEWORK_HEADER = YES;
				CLANG_WARN_RANGE_LOOP_ANALYSIS = YES;
				CLANG_WARN_STRICT_PROTOTYPES = YES;
				CLANG_WARN_SUSPICIOUS_MOVE = YES;
				CLANG_WARN_UNGUARDED_AVAILABILITY = YES_AGGRESSIVE;
				CLANG_WARN_UNREACHABLE_CODE = YES;
				CLANG_WARN__DUPLICATE_METHOD_MATCH = YES;
				COPY_PHASE_STRIP = NO;
				DEBUG_INFORMATION_FORMAT = dwarf;
				ENABLE_STRICT_OBJC_MSGSEND = YES;
				ENABLE_TESTABILITY = YES;
				GCC_C_LANGUAGE_STANDARD = gnu11;
				GCC_DYNAMIC_NO_PIC = NO;
				GCC_NO_COMMON_BLOCKS = YES;
				GCC_OPTIMIZATION_LEVEL = 0;
				GCC_PREPROCESSOR_DEFINITIONS = (
					"DEBUG=1",
					"$(inherited)",
				);
				GCC_WARN_64_TO_32_BIT_CONVERSION = YES;
				GCC_WARN_ABOUT_RETURN_TYPE = YES_ERROR;
				GCC_WARN_UNDECLARED_SELECTOR = YES;
				GCC_WARN_UNINITIALIZED_AUTOS = YES_AGGRESSIVE;
				GCC_WARN_UNUSED_FUNCTION = YES;
				GCC_WARN_UNUSED_VARIABLE = YES;
				IPHONEOS_DEPLOYMENT_TARGET = 13.0;
				MTL_ENABLE_DEBUG_INFO = INCLUDE_SOURCE;
				MTL_FAST_MATH = YES;
				ONLY_ACTIVE_ARCH = YES;
				SDKROOT = iphoneos;
				SWIFT_ACTIVE_COMPILATION_CONDITIONS = DEBUG;
				SWIFT_OPTIMIZATION_LEVEL = "-Onone";
			};
			name = Debug;
		};
		8420C68928B20D2A008AE525 /* Release */ = {
			isa = XCBuildConfiguration;
			buildSettings = {
				ALWAYS_SEARCH_USER_PATHS = NO;
				CLANG_ANALYZER_NONNULL = YES;
				CLANG_ANALYZER_NUMBER_OBJECT_CONVERSION = YES_AGGRESSIVE;
				CLANG_CXX_LANGUAGE_STANDARD = "gnu++17";
				CLANG_CXX_LIBRARY = "libc++";
				CLANG_ENABLE_MODULES = YES;
				CLANG_ENABLE_OBJC_ARC = YES;
				CLANG_ENABLE_OBJC_WEAK = YES;
				CLANG_WARN_BLOCK_CAPTURE_AUTORELEASING = YES;
				CLANG_WARN_BOOL_CONVERSION = YES;
				CLANG_WARN_COMMA = YES;
				CLANG_WARN_CONSTANT_CONVERSION = YES;
				CLANG_WARN_DEPRECATED_OBJC_IMPLEMENTATIONS = YES;
				CLANG_WARN_DIRECT_OBJC_ISA_USAGE = YES_ERROR;
				CLANG_WARN_DOCUMENTATION_COMMENTS = YES;
				CLANG_WARN_EMPTY_BODY = YES;
				CLANG_WARN_ENUM_CONVERSION = YES;
				CLANG_WARN_INFINITE_RECURSION = YES;
				CLANG_WARN_INT_CONVERSION = YES;
				CLANG_WARN_NON_LITERAL_NULL_CONVERSION = YES;
				CLANG_WARN_OBJC_IMPLICIT_RETAIN_SELF = YES;
				CLANG_WARN_OBJC_LITERAL_CONVERSION = YES;
				CLANG_WARN_OBJC_ROOT_CLASS = YES_ERROR;
				CLANG_WARN_QUOTED_INCLUDE_IN_FRAMEWORK_HEADER = YES;
				CLANG_WARN_RANGE_LOOP_ANALYSIS = YES;
				CLANG_WARN_STRICT_PROTOTYPES = YES;
				CLANG_WARN_SUSPICIOUS_MOVE = YES;
				CLANG_WARN_UNGUARDED_AVAILABILITY = YES_AGGRESSIVE;
				CLANG_WARN_UNREACHABLE_CODE = YES;
				CLANG_WARN__DUPLICATE_METHOD_MATCH = YES;
				COPY_PHASE_STRIP = NO;
				DEBUG_INFORMATION_FORMAT = "dwarf-with-dsym";
				ENABLE_NS_ASSERTIONS = NO;
				ENABLE_STRICT_OBJC_MSGSEND = YES;
				GCC_C_LANGUAGE_STANDARD = gnu11;
				GCC_NO_COMMON_BLOCKS = YES;
				GCC_WARN_64_TO_32_BIT_CONVERSION = YES;
				GCC_WARN_ABOUT_RETURN_TYPE = YES_ERROR;
				GCC_WARN_UNDECLARED_SELECTOR = YES;
				GCC_WARN_UNINITIALIZED_AUTOS = YES_AGGRESSIVE;
				GCC_WARN_UNUSED_FUNCTION = YES;
				GCC_WARN_UNUSED_VARIABLE = YES;
				IPHONEOS_DEPLOYMENT_TARGET = 13.0;
				MTL_ENABLE_DEBUG_INFO = NO;
				MTL_FAST_MATH = YES;
				SDKROOT = iphoneos;
				SWIFT_COMPILATION_MODE = wholemodule;
				SWIFT_OPTIMIZATION_LEVEL = "-O";
				VALIDATE_PRODUCT = YES;
			};
			name = Release;
		};
		8420C68B28B20D2A008AE525 /* Debug */ = {
			isa = XCBuildConfiguration;
			baseConfigurationReference = A06403CD7303B01445A3B044 /* Pods-MyCloudMusic.debug.xcconfig */;
			buildSettings = {
				ASSETCATALOG_COMPILER_APPICON_NAME = AppIcon;
				ASSETCATALOG_COMPILER_GLOBAL_ACCENT_COLOR_NAME = AccentColor;
				CLANG_ENABLE_MODULES = YES;
				CODE_SIGN_STYLE = Automatic;
				CURRENT_PROJECT_VERSION = 1;
				DEVELOPMENT_TEAM = FTLFWDHKRA;
				GENERATE_INFOPLIST_FILE = YES;
				INFOPLIST_FILE = MyCloudMusic/Info.plist;
				INFOPLIST_KEY_UIApplicationSupportsIndirectInputEvents = YES;
				INFOPLIST_KEY_UILaunchStoryboardName = LaunchScreen;
				INFOPLIST_KEY_UIMainStoryboardFile = Main;
				INFOPLIST_KEY_UISupportedInterfaceOrientations_iPad = "UIInterfaceOrientationPortrait UIInterfaceOrientationPortraitUpsideDown UIInterfaceOrientationLandscapeLeft UIInterfaceOrientationLandscapeRight";
				INFOPLIST_KEY_UISupportedInterfaceOrientations_iPhone = "UIInterfaceOrientationPortrait UIInterfaceOrientationLandscapeLeft UIInterfaceOrientationLandscapeRight";
				LD_RUNPATH_SEARCH_PATHS = (
					"$(inherited)",
					"@executable_path/Frameworks",
				);
				MARKETING_VERSION = 1.0;
				PRODUCT_BUNDLE_IDENTIFIER = com.michael.MyCloudMusic;
				PRODUCT_NAME = "$(TARGET_NAME)";
				SWIFT_EMIT_LOC_STRINGS = YES;
				SWIFT_OBJC_BRIDGING_HEADER = "MyCloudMusic/MyCloudMusic-Bridging-Header.h";
				SWIFT_OPTIMIZATION_LEVEL = "-Onone";
				SWIFT_VERSION = 5.0;
				TARGETED_DEVICE_FAMILY = "1,2";
			};
			name = Debug;
		};
		8420C68C28B20D2A008AE525 /* Release */ = {
			isa = XCBuildConfiguration;
			baseConfigurationReference = CC01226412184DC29D89E132 /* Pods-MyCloudMusic.release.xcconfig */;
			buildSettings = {
				ASSETCATALOG_COMPILER_APPICON_NAME = AppIcon;
				ASSETCATALOG_COMPILER_GLOBAL_ACCENT_COLOR_NAME = AccentColor;
				CLANG_ENABLE_MODULES = YES;
				CODE_SIGN_STYLE = Automatic;
				CURRENT_PROJECT_VERSION = 1;
				DEVELOPMENT_TEAM = FTLFWDHKRA;
				GENERATE_INFOPLIST_FILE = YES;
				INFOPLIST_FILE = MyCloudMusic/Info.plist;
				INFOPLIST_KEY_UIApplicationSupportsIndirectInputEvents = YES;
				INFOPLIST_KEY_UILaunchStoryboardName = LaunchScreen;
				INFOPLIST_KEY_UIMainStoryboardFile = Main;
				INFOPLIST_KEY_UISupportedInterfaceOrientations_iPad = "UIInterfaceOrientationPortrait UIInterfaceOrientationPortraitUpsideDown UIInterfaceOrientationLandscapeLeft UIInterfaceOrientationLandscapeRight";
				INFOPLIST_KEY_UISupportedInterfaceOrientations_iPhone = "UIInterfaceOrientationPortrait UIInterfaceOrientationLandscapeLeft UIInterfaceOrientationLandscapeRight";
				LD_RUNPATH_SEARCH_PATHS = (
					"$(inherited)",
					"@executable_path/Frameworks",
				);
				MARKETING_VERSION = 1.0;
				PRODUCT_BUNDLE_IDENTIFIER = com.michael.MyCloudMusic;
				PRODUCT_NAME = "$(TARGET_NAME)";
				SWIFT_EMIT_LOC_STRINGS = YES;
				SWIFT_OBJC_BRIDGING_HEADER = "MyCloudMusic/MyCloudMusic-Bridging-Header.h";
				SWIFT_VERSION = 5.0;
				TARGETED_DEVICE_FAMILY = "1,2";
			};
			name = Release;
		};
/* End XCBuildConfiguration section */

/* Begin XCConfigurationList section */
		8420C67128B20D26008AE525 /* Build configuration list for PBXProject "MyCloudMusic" */ = {
			isa = XCConfigurationList;
			buildConfigurations = (
				8420C68828B20D2A008AE525 /* Debug */,
				8420C68928B20D2A008AE525 /* Release */,
			);
			defaultConfigurationIsVisible = 0;
			defaultConfigurationName = Release;
		};
		8420C68A28B20D2A008AE525 /* Build configuration list for PBXNativeTarget "MyCloudMusic" */ = {
			isa = XCConfigurationList;
			buildConfigurations = (
				8420C68B28B20D2A008AE525 /* Debug */,
				8420C68C28B20D2A008AE525 /* Release */,
			);
			defaultConfigurationIsVisible = 0;
			defaultConfigurationName = Release;
		};
/* End XCConfigurationList section */
	};
	rootObject = 8420C66E28B20D26008AE525 /* Project object */;
}
